
Microsoft Visual Studio Solution File, Format Version 12.00
# Visual Studio Version 17
VisualStudioVersion = 17.11.35222.181
MinimumVisualStudioVersion = 10.0.40219.1
Project("{8BC9CEB8-8B4A-11D0-8D11-00A0C91BC942}") = "day1", "AdventOfCode\AdventOfCode.vcxproj", "{4B3C36E4-61E8-45FD-B71D-33B393C63037}"
EndProject
Project("{8BC9CEB8-8B4A-11D0-8D11-00A0C91BC942}") = "day2", "Day2\Day2.vcxproj", "{58245B44-0AB8-43D9-9F12-F305C6C1D3FA}"
EndProject
Global
	GlobalSection(SolutionConfigurationPlatforms) = preSolution
		Debug|x64 = Debug|x64
		Debug|x86 = Debug|x86
		Release|x64 = Release|x64
		Release|x86 = Release|x86
	EndGlobalSection
	GlobalSection(ProjectConfigurationPlatforms) = postSolution
		{4B3C36E4-61E8-45FD-B71D-33B393C63037}.Debug|x64.ActiveCfg = Debug|x64
		{4B3C36E4-61E8-45FD-B71D-33B393C63037}.Debug|x64.Build.0 = Debug|x64
		{4B3C36E4-61E8-45FD-B71D-33B393C63037}.Debug|x86.ActiveCfg = Debug|Win32
		{4B3C36E4-61E8-45FD-B71D-33B393C63037}.Debug|x86.Build.0 = Debug|Win32
		{4B3C36E4-61E8-45FD-B71D-33B393C63037}.Release|x64.ActiveCfg = Release|x64
		{4B3C36E4-61E8-45FD-B71D-33B393C63037}.Release|x64.Build.0 = Release|x64
		{4B3C36E4-61E8-45FD-B71D-33B393C63037}.Release|x86.ActiveCfg = Release|Win32
		{4B3C36E4-61E8-45FD-B71D-33B393C63037}.Release|x86.Build.0 = Release|Win32
		{58245B44-0AB8-43D9-9F12-F305C6C1D3FA}.Debug|x64.ActiveCfg = Debug|x64
		{58245B44-0AB8-43D9-9F12-F305C6C1D3FA}.Debug|x64.Build.0 = Debug|x64
		{58245B44-0AB8-43D9-9F12-F305C6C1D3FA}.Debug|x86.ActiveCfg = Debug|Win32
		{58245B44-0AB8-43D9-9F12-F305C6C1D3FA}.Debug|x86.Build.0 = Debug|Win32
		{58245B44-0AB8-43D9-9F12-F305C6C1D3FA}.Release|x64.ActiveCfg = Release|x64
		{58245B44-0AB8-43D9-9F12-F305C6C1D3FA}.Release|x64.Build.0 = Release|x64
		{58245B44-0AB8-43D9-9F12-F305C6C1D3FA}.Release|x86.ActiveCfg = Release|Win32
		{58245B44-0AB8-43D9-9F12-F305C6C1D3FA}.Release|x86.Build.0 = Release|Win32
	EndGlobalSection
	GlobalSection(SolutionProperties) = preSolution
		HideSolutionNode = FALSE
	EndGlobalSection
	GlobalSection(ExtensibilityGlobals) = postSolution
		SolutionGuid = {A79ED53D-E59F-4E30-B761-99A16DCF10D7}
	EndGlobalSection
EndGlobal
